
Microsoft Visual Studio Solution File, Format Version 12.00
# Visual Studio 15
VisualStudioVersion = 15.0.27428.2015
MinimumVisualStudioVersion = 10.0.40219.1
Project("{FAE04EC0-301F-11D3-BF4B-00C04F79EFBC}") = "TestJenkins", "TestJenkins\TestJenkins.csproj", "{E23DF545-68A9-480E-A2A2-7C7E2ED0B8A8}"
EndProject
Project("{E53339B2-1760-4266-BCC7-CA923CBCF16C}") = "docker-compose", "docker-compose.dcproj", "{A0454342-BD27-4A9E-9630-42FAA7CC6DBD}"
EndProject
Global
	GlobalSection(SolutionConfigurationPlatforms) = preSolution
		Debug|Any CPU = Debug|Any CPU
		Release|Any CPU = Release|Any CPU
	EndGlobalSection
	GlobalSection(ProjectConfigurationPlatforms) = postSolution
		{E23DF545-68A9-480E-A2A2-7C7E2ED0B8A8}.Debug|Any CPU.ActiveCfg = Debug|Any CPU
		{E23DF545-68A9-480E-A2A2-7C7E2ED0B8A8}.Debug|Any CPU.Build.0 = Debug|Any CPU
		{E23DF545-68A9-480E-A2A2-7C7E2ED0B8A8}.Release|Any CPU.ActiveCfg = Release|Any CPU
		{E23DF545-68A9-480E-A2A2-7C7E2ED0B8A8}.Release|Any CPU.Build.0 = Release|Any CPU
		{A0454342-BD27-4A9E-9630-42FAA7CC6DBD}.Debug|Any CPU.ActiveCfg = Debug|Any CPU
		{A0454342-BD27-4A9E-9630-42FAA7CC6DBD}.Debug|Any CPU.Build.0 = Debug|Any CPU
		{A0454342-BD27-4A9E-9630-42FAA7CC6DBD}.Release|Any CPU.ActiveCfg = Release|Any CPU
		{A0454342-BD27-4A9E-9630-42FAA7CC6DBD}.Release|Any CPU.Build.0 = Release|Any CPU
	EndGlobalSection
	GlobalSection(SolutionProperties) = preSolution
		HideSolutionNode = FALSE
	EndGlobalSection
	GlobalSection(ExtensibilityGlobals) = postSolution
		SolutionGuid = {9AFB28BE-C3C8-43FC-9A18-D25C6C05ED88}
	EndGlobalSection
EndGlobal
